
Microsoft Visual Studio Solution File, Format Version 12.00
Project("{FAE04EC0-301F-11D3-BF4B-00C04F79EFBC}") = "API", "API\API.csproj", "{FCC0E28F-F926-44D6-ACBB-2AFE4D0D54FE}"
EndProject
Project("{FAE04EC0-301F-11D3-BF4B-00C04F79EFBC}") = "Web", "Web\Web.csproj", "{6B032871-3D79-46AF-8CA4-800F26BCE90C}"
EndProject
Global
	GlobalSection(SolutionConfigurationPlatforms) = preSolution
		Debug|Any CPU = Debug|Any CPU
		Release|Any CPU = Release|Any CPU
	EndGlobalSection
	GlobalSection(ProjectConfigurationPlatforms) = postSolution
		{FCC0E28F-F926-44D6-ACBB-2AFE4D0D54FE}.Debug|Any CPU.ActiveCfg = Debug|Any CPU
		{FCC0E28F-F926-44D6-ACBB-2AFE4D0D54FE}.Debug|Any CPU.Build.0 = Debug|Any CPU
		{FCC0E28F-F926-44D6-ACBB-2AFE4D0D54FE}.Release|Any CPU.ActiveCfg = Release|Any CPU
		{FCC0E28F-F926-44D6-ACBB-2AFE4D0D54FE}.Release|Any CPU.Build.0 = Release|Any CPU
		{6B032871-3D79-46AF-8CA4-800F26BCE90C}.Debug|Any CPU.ActiveCfg = Debug|Any CPU
		{6B032871-3D79-46AF-8CA4-800F26BCE90C}.Debug|Any CPU.Build.0 = Debug|Any CPU
		{6B032871-3D79-46AF-8CA4-800F26BCE90C}.Release|Any CPU.ActiveCfg = Release|Any CPU
		{6B032871-3D79-46AF-8CA4-800F26BCE90C}.Release|Any CPU.Build.0 = Release|Any CPU
	EndGlobalSection
EndGlobal
